// !$*UTF8*$!
{
	archiveVersion = 1;
	classes = {
	};
	objectVersion = 50;
	objects = {

/* Begin PBXBuildFile section */
		5064F6BF2591EE62002A265A /* LoginManager.m in Sources */ = {isa = PBXBuildFile; fileRef = 5064F6BE2591EE62002A265A /* LoginManager.m */; };
		5064F6C02591EE62002A265A /* LoginManager.h in CopyFiles */ = {isa = PBXBuildFile; fileRef = 5064F6BD2591EE62002A265A /* LoginManager.h */; };
		5064F6CB2591F119002A265A /* NSObject+item.m in Sources */ = {isa = PBXBuildFile; fileRef = 5064F6CA2591F119002A265A /* NSObject+item.m */; };
		5064F6CE2591F179002A265A /* RCTConvert+MoveDiretion.m in Sources */ = {isa = PBXBuildFile; fileRef = 5064F6CD2591F179002A265A /* RCTConvert+MoveDiretion.m */; };
/* End PBXBuildFile section */

/* Begin PBXCopyFilesBuildPhase section */
		5064F6B82591EE62002A265A /* CopyFiles */ = {
			isa = PBXCopyFilesBuildPhase;
			buildActionMask = 2147483647;
			dstPath = "include/$(PRODUCT_NAME)";
			dstSubfolderSpec = 16;
			files = (
				5064F6C02591EE62002A265A /* LoginManager.h in CopyFiles */,
			);
			runOnlyForDeploymentPostprocessing = 0;
		};
/* End PBXCopyFilesBuildPhase section */

/* Begin PBXFileReference section */
		5064F6BA2591EE62002A265A /* libLoginManager.a */ = {isa = PBXFileReference; explicitFileType = archive.ar; includeInIndex = 0; path = libLoginManager.a; sourceTree = BUILT_PRODUCTS_DIR; };
		5064F6BD2591EE62002A265A /* LoginManager.h */ = {isa = PBXFileReference; lastKnownFileType = sourcecode.c.h; path = LoginManager.h; sourceTree = "<group>"; };
		5064F6BE2591EE62002A265A /* LoginManager.m */ = {isa = PBXFileReference; lastKnownFileType = sourcecode.c.objc; path = LoginManager.m; sourceTree = "<group>"; };
		5064F6C92591F119002A265A /* NSObject+item.h */ = {isa = PBXFileReference; lastKnownFileType = sourcecode.c.h; path = "NSObject+item.h"; sourceTree = "<group>"; };
		5064F6CA2591F119002A265A /* NSObject+item.m */ = {isa = PBXFileReference; lastKnownFileType = sourcecode.c.objc; path = "NSObject+item.m"; sourceTree = "<group>"; };
		5064F6CC2591F179002A265A /* RCTConvert+MoveDiretion.h */ = {isa = PBXFileReference; lastKnownFileType = sourcecode.c.h; path = "RCTConvert+MoveDiretion.h"; sourceTree = "<group>"; };
		5064F6CD2591F179002A265A /* RCTConvert+MoveDiretion.m */ = {isa = PBXFileReference; lastKnownFileType = sourcecode.c.objc; path = "RCTConvert+MoveDiretion.m"; sourceTree = "<group>"; };
/* End PBXFileReference section */

/* Begin PBXFrameworksBuildPhase section */
		5064F6B72591EE62002A265A /* Frameworks */ = {
			isa = PBXFrameworksBuildPhase;
			buildActionMask = 2147483647;
			files = (
			);
			runOnlyForDeploymentPostprocessing = 0;
		};
/* End PBXFrameworksBuildPhase section */

/* Begin PBXGroup section */
		5064F6B12591EE62002A265A = {
			isa = PBXGroup;
			children = (
				5064F6BC2591EE62002A265A /* LoginManager */,
				5064F6BB2591EE62002A265A /* Products */,
			);
			sourceTree = "<group>";
		};
		5064F6BB2591EE62002A265A /* Products */ = {
			isa = PBXGroup;
			children = (
				5064F6BA2591EE62002A265A /* libLoginManager.a */,
			);
			name = Products;
			sourceTree = "<group>";
		};
		5064F6BC2591EE62002A265A /* LoginManager */ = {
			isa = PBXGroup;
			children = (
				5064F6BD2591EE62002A265A /* LoginManager.h */,
				5064F6BE2591EE62002A265A /* LoginManager.m */,
				5064F6C92591F119002A265A /* NSObject+item.h */,
				5064F6CA2591F119002A265A /* NSObject+item.m */,
				5064F6CC2591F179002A265A /* RCTConvert+MoveDiretion.h */,
				5064F6CD2591F179002A265A /* RCTConvert+MoveDiretion.m */,
			);
			path = LoginManager;
			sourceTree = "<group>";
		};
/* End PBXGroup section */

/* Begin PBXNativeTarget section */
		5064F6B92591EE62002A265A /* LoginManager */ = {
			isa = PBXNativeTarget;
			buildConfigurationList = 5064F6C32591EE62002A265A /* Build configuration list for PBXNativeTarget "LoginManager" */;
			buildPhases = (
				5064F6B62591EE62002A265A /* Sources */,
				5064F6B72591EE62002A265A /* Frameworks */,
				5064F6B82591EE62002A265A /* CopyFiles */,
			);
			buildRules = (
			);
			dependencies = (
			);
			name = LoginManager;
			productName = LoginManager;
			productReference = 5064F6BA2591EE62002A265A /* libLoginManager.a */;
			productType = "com.apple.product-type.library.static";
		};
/* End PBXNativeTarget section */

/* Begin PBXProject section */
		5064F6B22591EE62002A265A /* Project object */ = {
			isa = PBXProject;
			attributes = {
				LastUpgradeCheck = 1150;
				ORGANIZATIONNAME = "放心家";
				TargetAttributes = {
					5064F6B92591EE62002A265A = {
						CreatedOnToolsVersion = 11.5;
					};
				};
			};
			buildConfigurationList = 5064F6B52591EE62002A265A /* Build configuration list for PBXProject "LoginManager" */;
			compatibilityVersion = "Xcode 9.3";
			developmentRegion = en;
			hasScannedForEncodings = 0;
			knownRegions = (
				en,
				Base,
			);
			mainGroup = 5064F6B12591EE62002A265A;
			productRefGroup = 5064F6BB2591EE62002A265A /* Products */;
			projectDirPath = "";
			projectRoot = "";
			targets = (
				5064F6B92591EE62002A265A /* LoginManager */,
			);
		};
/* End PBXProject section */

/* Begin PBXSourcesBuildPhase section */
		5064F6B62591EE62002A265A /* Sources */ = {
			isa = PBXSourcesBuildPhase;
			buildActionMask = 2147483647;
			files = (
				5064F6CE2591F179002A265A /* RCTConvert+MoveDiretion.m in Sources */,
				5064F6CB2591F119002A265A /* NSObject+item.m in Sources */,
				5064F6BF2591EE62002A265A /* LoginManager.m in Sources */,
			);
			runOnlyForDeploymentPostprocessing = 0;
		};
/* End PBXSourcesBuildPhase section */

/* Begin XCBuildConfiguration section */
		5064F6C12591EE62002A265A /* Debug */ = {
			isa = XCBuildConfiguration;
			buildSettings = {
				ALWAYS_SEARCH_USER_PATHS = NO;
				CLANG_ANALYZER_NONNULL = YES;
				CLANG_ANALYZER_NUMBER_OBJECT_CONVERSION = YES_AGGRESSIVE;
				CLANG_CXX_LANGUAGE_STANDARD = "gnu++14";
				CLANG_CXX_LIBRARY = "libc++";
				CLANG_ENABLE_MODULES = YES;
				CLANG_ENABLE_OBJC_ARC = YES;
				CLANG_ENABLE_OBJC_WEAK = YES;
				CLANG_WARN_BLOCK_CAPTURE_AUTORELEASING = YES;
				CLANG_WARN_BOOL_CONVERSION = YES;
				CLANG_WARN_COMMA = YES;
				CLANG_WARN_CONSTANT_CONVERSION = YES;
				CLANG_WARN_DEPRECATED_OBJC_IMPLEMENTATIONS = YES;
				CLANG_WARN_DIRECT_OBJC_ISA_USAGE = YES_ERROR;
				CLANG_WARN_DOCUMENTATION_COMMENTS = YES;
				CLANG_WARN_EMPTY_BODY = YES;
				CLANG_WARN_ENUM_CONVERSION = YES;
				CLANG_WARN_INFINITE_RECURSION = YES;
				CLANG_WARN_INT_CONVERSION = YES;
				CLANG_WARN_NON_LITERAL_NULL_CONVERSION = YES;
				CLANG_WARN_OBJC_IMPLICIT_RETAIN_SELF = YES;
				CLANG_WARN_OBJC_LITERAL_CONVERSION = YES;
				CLANG_WARN_OBJC_ROOT_CLASS = YES_ERROR;
				CLANG_WARN_RANGE_LOOP_ANALYSIS = YES;
				CLANG_WARN_STRICT_PROTOTYPES = YES;
				CLANG_WARN_SUSPICIOUS_MOVE = YES;
				CLANG_WARN_UNGUARDED_AVAILABILITY = YES_AGGRESSIVE;
				CLANG_WARN_UNREACHABLE_CODE = YES;
				CLANG_WARN__DUPLICATE_METHOD_MATCH = YES;
				COPY_PHASE_STRIP = NO;
				DEBUG_INFORMATION_FORMAT = dwarf;
				ENABLE_STRICT_OBJC_MSGSEND = YES;
				ENABLE_TESTABILITY = YES;
				GCC_C_LANGUAGE_STANDARD = gnu11;
				GCC_DYNAMIC_NO_PIC = NO;
				GCC_NO_COMMON_BLOCKS = YES;
				GCC_OPTIMIZATION_LEVEL = 0;
				GCC_PREPROCESSOR_DEFINITIONS = (
					"DEBUG=1",
					"$(inherited)",
				);
				GCC_WARN_64_TO_32_BIT_CONVERSION = YES;
				GCC_WARN_ABOUT_RETURN_TYPE = YES_ERROR;
				GCC_WARN_UNDECLARED_SELECTOR = YES;
				GCC_WARN_UNINITIALIZED_AUTOS = YES_AGGRESSIVE;
				GCC_WARN_UNUSED_FUNCTION = YES;
				GCC_WARN_UNUSED_VARIABLE = YES;
				IPHONEOS_DEPLOYMENT_TARGET = 13.5;
				MTL_ENABLE_DEBUG_INFO = INCLUDE_SOURCE;
				MTL_FAST_MATH = YES;
				ONLY_ACTIVE_ARCH = YES;
				SDKROOT = iphoneos;
			};
			name = Debug;
		};
		5064F6C22591EE62002A265A /* Release */ = {
			isa = XCBuildConfiguration;
			buildSettings = {
				ALWAYS_SEARCH_USER_PATHS = NO;
				CLANG_ANALYZER_NONNULL = YES;
				CLANG_ANALYZER_NUMBER_OBJECT_CONVERSION = YES_AGGRESSIVE;
				CLANG_CXX_LANGUAGE_STANDARD = "gnu++14";
				CLANG_CXX_LIBRARY = "libc++";
				CLANG_ENABLE_MODULES = YES;
				CLANG_ENABLE_OBJC_ARC = YES;
				CLANG_ENABLE_OBJC_WEAK = YES;
				CLANG_WARN_BLOCK_CAPTURE_AUTORELEASING = YES;
				CLANG_WARN_BOOL_CONVERSION = YES;
				CLANG_WARN_COMMA = YES;
				CLANG_WARN_CONSTANT_CONVERSION = YES;
				CLANG_WARN_DEPRECATED_OBJC_IMPLEMENTATIONS = YES;
				CLANG_WARN_DIRECT_OBJC_ISA_USAGE = YES_ERROR;
				CLANG_WARN_DOCUMENTATION_COMMENTS = YES;
				CLANG_WARN_EMPTY_BODY = YES;
				CLANG_WARN_ENUM_CONVERSION = YES;
				CLANG_WARN_INFINITE_RECURSION = YES;
				CLANG_WARN_INT_CONVERSION = YES;
				CLANG_WARN_NON_LITERAL_NULL_CONVERSION = YES;
				CLANG_WARN_OBJC_IMPLICIT_RETAIN_SELF = YES;
				CLANG_WARN_OBJC_LITERAL_CONVERSION = YES;
				CLANG_WARN_OBJC_ROOT_CLASS = YES_ERROR;
				CLANG_WARN_RANGE_LOOP_ANALYSIS = YES;
				CLANG_WARN_STRICT_PROTOTYPES = YES;
				CLANG_WARN_SUSPICIOUS_MOVE = YES;
				CLANG_WARN_UNGUARDED_AVAILABILITY = YES_AGGRESSIVE;
				CLANG_WARN_UNREACHABLE_CODE = YES;
				CLANG_WARN__DUPLICATE_METHOD_MATCH = YES;
				COPY_PHASE_STRIP = NO;
				DEBUG_INFORMATION_FORMAT = "dwarf-with-dsym";
				ENABLE_NS_ASSERTIONS = NO;
				ENABLE_STRICT_OBJC_MSGSEND = YES;
				GCC_C_LANGUAGE_STANDARD = gnu11;
				GCC_NO_COMMON_BLOCKS = YES;
				GCC_WARN_64_TO_32_BIT_CONVERSION = YES;
				GCC_WARN_ABOUT_RETURN_TYPE = YES_ERROR;
				GCC_WARN_UNDECLARED_SELECTOR = YES;
				GCC_WARN_UNINITIALIZED_AUTOS = YES_AGGRESSIVE;
				GCC_WARN_UNUSED_FUNCTION = YES;
				GCC_WARN_UNUSED_VARIABLE = YES;
				IPHONEOS_DEPLOYMENT_TARGET = 13.5;
				MTL_ENABLE_DEBUG_INFO = NO;
				MTL_FAST_MATH = YES;
				SDKROOT = iphoneos;
				VALIDATE_PRODUCT = YES;
			};
			name = Release;
		};
		5064F6C42591EE62002A265A /* Debug */ = {
			isa = XCBuildConfiguration;
			buildSettings = {
				CODE_SIGN_STYLE = Automatic;
				OTHER_LDFLAGS = "-ObjC";
				PRODUCT_NAME = "$(TARGET_NAME)";
				SKIP_INSTALL = YES;
				TARGETED_DEVICE_FAMILY = "1,2";
			};
			name = Debug;
		};
		5064F6C52591EE62002A265A /* Release */ = {
			isa = XCBuildConfiguration;
			buildSettings = {
				CODE_SIGN_STYLE = Automatic;
				OTHER_LDFLAGS = "-ObjC";
				PRODUCT_NAME = "$(TARGET_NAME)";
				SKIP_INSTALL = YES;
				TARGETED_DEVICE_FAMILY = "1,2";
			};
			name = Release;
		};
/* End XCBuildConfiguration section */

/* Begin XCConfigurationList section */
		5064F6B52591EE62002A265A /* Build configuration list for PBXProject "LoginManager" */ = {
			isa = XCConfigurationList;
			buildConfigurations = (
				5064F6C12591EE62002A265A /* Debug */,
				5064F6C22591EE62002A265A /* Release */,
			);
			defaultConfigurationIsVisible = 0;
			defaultConfigurationName = Release;
		};
		5064F6C32591EE62002A265A /* Build configuration list for PBXNativeTarget "LoginManager" */ = {
			isa = XCConfigurationList;
			buildConfigurations = (
				5064F6C42591EE62002A265A /* Debug */,
				5064F6C52591EE62002A265A /* Release */,
			);
			defaultConfigurationIsVisible = 0;
			defaultConfigurationName = Release;
		};
/* End XCConfigurationList section */
	};
	rootObject = 5064F6B22591EE62002A265A /* Project object */;
}
